// !$*UTF8*$!
{
	archiveVersion = 1;
	classes = {
	};
	objectVersion = 50;
	objects = {

/* Begin PBXBuildFile section */
		708547AE263A5D320008CB36 /* AppDelegate.swift in Sources */ = {isa = PBXBuildFile; fileRef = 708547AD263A5D320008CB36 /* AppDelegate.swift */; };
		708547B0263A5D320008CB36 /* SceneDelegate.swift in Sources */ = {isa = PBXBuildFile; fileRef = 708547AF263A5D320008CB36 /* SceneDelegate.swift */; };
		708547B2263A5D320008CB36 /* ViewController.swift in Sources */ = {isa = PBXBuildFile; fileRef = 708547B1263A5D320008CB36 /* ViewController.swift */; };
		708547B5263A5D320008CB36 /* Main.storyboard in Resources */ = {isa = PBXBuildFile; fileRef = 708547B3263A5D320008CB36 /* Main.storyboard */; };
		708547B8263A5D320008CB36 /* relationCoreData.xcdatamodeld in Sources */ = {isa = PBXBuildFile; fileRef = 708547B6263A5D320008CB36 /* relationCoreData.xcdatamodeld */; };
		708547BA263A5D330008CB36 /* Assets.xcassets in Resources */ = {isa = PBXBuildFile; fileRef = 708547B9263A5D330008CB36 /* Assets.xcassets */; };
		708547BD263A5D330008CB36 /* LaunchScreen.storyboard in Resources */ = {isa = PBXBuildFile; fileRef = 708547BB263A5D330008CB36 /* LaunchScreen.storyboard */; };
/* End PBXBuildFile section */

/* Begin PBXFileReference section */
		708547AA263A5D320008CB36 /* relationCoreData.app */ = {isa = PBXFileReference; explicitFileType = wrapper.application; includeInIndex = 0; path = relationCoreData.app; sourceTree = BUILT_PRODUCTS_DIR; };
		708547AD263A5D320008CB36 /* AppDelegate.swift */ = {isa = PBXFileReference; lastKnownFileType = sourcecode.swift; path = AppDelegate.swift; sourceTree = "<group>"; };
		708547AF263A5D320008CB36 /* SceneDelegate.swift */ = {isa = PBXFileReference; lastKnownFileType = sourcecode.swift; path = SceneDelegate.swift; sourceTree = "<group>"; };
		708547B1263A5D320008CB36 /* ViewController.swift */ = {isa = PBXFileReference; lastKnownFileType = sourcecode.swift; path = ViewController.swift; sourceTree = "<group>"; };
		708547B4263A5D320008CB36 /* Base */ = {isa = PBXFileReference; lastKnownFileType = file.storyboard; name = Base; path = Base.lproj/Main.storyboard; sourceTree = "<group>"; };
		708547B7263A5D320008CB36 /* relationCoreData.xcdatamodel */ = {isa = PBXFileReference; lastKnownFileType = wrapper.xcdatamodel; path = relationCoreData.xcdatamodel; sourceTree = "<group>"; };
		708547B9263A5D330008CB36 /* Assets.xcassets */ = {isa = PBXFileReference; lastKnownFileType = folder.assetcatalog; path = Assets.xcassets; sourceTree = "<group>"; };
		708547BC263A5D330008CB36 /* Base */ = {isa = PBXFileReference; lastKnownFileType = file.storyboard; name = Base; path = Base.lproj/LaunchScreen.storyboard; sourceTree = "<group>"; };
		708547BE263A5D330008CB36 /* Info.plist */ = {isa = PBXFileReference; lastKnownFileType = text.plist.xml; path = Info.plist; sourceTree = "<group>"; };
/* End PBXFileReference section */

/* Begin PBXFrameworksBuildPhase section */
		708547A7263A5D320008CB36 /* Frameworks */ = {
			isa = PBXFrameworksBuildPhase;
			buildActionMask = 2147483647;
			files = (
			);
			runOnlyForDeploymentPostprocessing = 0;
		};
/* End PBXFrameworksBuildPhase section */

/* Begin PBXGroup section */
		708547A1263A5D320008CB36 = {
			isa = PBXGroup;
			children = (
				708547AC263A5D320008CB36 /* relationCoreData */,
				708547AB263A5D320008CB36 /* Products */,
			);
			sourceTree = "<group>";
		};
		708547AB263A5D320008CB36 /* Products */ = {
			isa = PBXGroup;
			children = (
				708547AA263A5D320008CB36 /* relationCoreData.app */,
			);
			name = Products;
			sourceTree = "<group>";
		};
		708547AC263A5D320008CB36 /* relationCoreData */ = {
			isa = PBXGroup;
			children = (
				708547AD263A5D320008CB36 /* AppDelegate.swift */,
				708547AF263A5D320008CB36 /* SceneDelegate.swift */,
				708547B1263A5D320008CB36 /* ViewController.swift */,
				708547B3263A5D320008CB36 /* Main.storyboard */,
				708547B9263A5D330008CB36 /* Assets.xcassets */,
				708547BB263A5D330008CB36 /* LaunchScreen.storyboard */,
				708547BE263A5D330008CB36 /* Info.plist */,
				708547B6263A5D320008CB36 /* relationCoreData.xcdatamodeld */,
			);
			path = relationCoreData;
			sourceTree = "<group>";
		};
/* End PBXGroup section */

/* Begin PBXNativeTarget section */
		708547A9263A5D320008CB36 /* relationCoreData */ = {
			isa = PBXNativeTarget;
			buildConfigurationList = 708547C1263A5D330008CB36 /* Build configuration list for PBXNativeTarget "relationCoreData" */;
			buildPhases = (
				708547A6263A5D320008CB36 /* Sources */,
				708547A7263A5D320008CB36 /* Frameworks */,
				708547A8263A5D320008CB36 /* Resources */,
			);
			buildRules = (
			);
			dependencies = (
			);
			name = relationCoreData;
			productName = relationCoreData;
			productReference = 708547AA263A5D320008CB36 /* relationCoreData.app */;
			productType = "com.apple.product-type.application";
		};
/* End PBXNativeTarget section */

/* Begin PBXProject section */
		708547A2263A5D320008CB36 /* Project object */ = {
			isa = PBXProject;
			attributes = {
				LastSwiftUpdateCheck = 1240;
				LastUpgradeCheck = 1240;
				TargetAttributes = {
					708547A9263A5D320008CB36 = {
						CreatedOnToolsVersion = 12.4;
					};
				};
			};
			buildConfigurationList = 708547A5263A5D320008CB36 /* Build configuration list for PBXProject "relationCoreData" */;
			compatibilityVersion = "Xcode 9.3";
			developmentRegion = en;
			hasScannedForEncodings = 0;
			knownRegions = (
				en,
				Base,
			);
			mainGroup = 708547A1263A5D320008CB36;
			productRefGroup = 708547AB263A5D320008CB36 /* Products */;
			projectDirPath = "";
			projectRoot = "";
			targets = (
				708547A9263A5D320008CB36 /* relationCoreData */,
			);
		};
/* End PBXProject section */

/* Begin PBXResourcesBuildPhase section */
		708547A8263A5D320008CB36 /* Resources */ = {
			isa = PBXResourcesBuildPhase;
			buildActionMask = 2147483647;
			files = (
				708547BD263A5D330008CB36 /* LaunchScreen.storyboard in Resources */,
				708547BA263A5D330008CB36 /* Assets.xcassets in Resources */,
				708547B5263A5D320008CB36 /* Main.storyboard in Resources */,
			);
			runOnlyForDeploymentPostprocessing = 0;
		};
/* End PBXResourcesBuildPhase section */

/* Begin PBXSourcesBuildPhase section */
		708547A6263A5D320008CB36 /* Sources */ = {
			isa = PBXSourcesBuildPhase;
			buildActionMask = 2147483647;
			files = (
				708547B2263A5D320008CB36 /* ViewController.swift in Sources */,
				708547AE263A5D320008CB36 /* AppDelegate.swift in Sources */,
				708547B8263A5D320008CB36 /* relationCoreData.xcdatamodeld in Sources */,
				708547B0263A5D320008CB36 /* SceneDelegate.swift in Sources */,
			);
			runOnlyForDeploymentPostprocessing = 0;
		};
/* End PBXSourcesBuildPhase section */

/* Begin PBXVariantGroup section */
		708547B3263A5D320008CB36 /* Main.storyboard */ = {
			isa = PBXVariantGroup;
			children = (
				708547B4263A5D320008CB36 /* Base */,
			);
			name = Main.storyboard;
			sourceTree = "<group>";
		};
		708547BB263A5D330008CB36 /* LaunchScreen.storyboard */ = {
			isa = PBXVariantGroup;
			children = (
				708547BC263A5D330008CB36 /* Base */,
			);
			name = LaunchScreen.storyboard;
			sourceTree = "<group>";
		};
/* End PBXVariantGroup section */

/* Begin XCBuildConfiguration section */
		708547BF263A5D330008CB36 /* Debug */ = {
			isa = XCBuildConfiguration;
			buildSettings = {
				ALWAYS_SEARCH_USER_PATHS = NO;
				CLANG_ANALYZER_NONNULL = YES;
				CLANG_ANALYZER_NUMBER_OBJECT_CONVERSION = YES_AGGRESSIVE;
				CLANG_CXX_LANGUAGE_STANDARD = "gnu++14";
				CLANG_CXX_LIBRARY = "libc++";
				CLANG_ENABLE_MODULES = YES;
				CLANG_ENABLE_OBJC_ARC = YES;
				CLANG_ENABLE_OBJC_WEAK = YES;
				CLANG_WARN_BLOCK_CAPTURE_AUTORELEASING = YES;
				CLANG_WARN_BOOL_CONVERSION = YES;
				CLANG_WARN_COMMA = YES;
				CLANG_WARN_CONSTANT_CONVERSION = YES;
				CLANG_WARN_DEPRECATED_OBJC_IMPLEMENTATIONS = YES;
				CLANG_WARN_DIRECT_OBJC_ISA_USAGE = YES_ERROR;
				CLANG_WARN_DOCUMENTATION_COMMENTS = YES;
				CLANG_WARN_EMPTY_BODY = YES;
				CLANG_WARN_ENUM_CONVERSION = YES;
				CLANG_WARN_INFINITE_RECURSION = YES;
				CLANG_WARN_INT_CONVERSION = YES;
				CLANG_WARN_NON_LITERAL_NULL_CONVERSION = YES;
				CLANG_WARN_OBJC_IMPLICIT_RETAIN_SELF = YES;
				CLANG_WARN_OBJC_LITERAL_CONVERSION = YES;
				CLANG_WARN_OBJC_ROOT_CLASS = YES_ERROR;
				CLANG_WARN_QUOTED_INCLUDE_IN_FRAMEWORK_HEADER = YES;
				CLANG_WARN_RANGE_LOOP_ANALYSIS = YES;
				CLANG_WARN_STRICT_PROTOTYPES = YES;
				CLANG_WARN_SUSPICIOUS_MOVE = YES;
				CLANG_WARN_UNGUARDED_AVAILABILITY = YES_AGGRESSIVE;
				CLANG_WARN_UNREACHABLE_CODE = YES;
				CLANG_WARN__DUPLICATE_METHOD_MATCH = YES;
				COPY_PHASE_STRIP = NO;
				DEBUG_INFORMATION_FORMAT = dwarf;
				ENABLE_STRICT_OBJC_MSGSEND = YES;
				ENABLE_TESTABILITY = YES;
				GCC_C_LANGUAGE_STANDARD = gnu11;
				GCC_DYNAMIC_NO_PIC = NO;
				GCC_NO_COMMON_BLOCKS = YES;
				GCC_OPTIMIZATION_LEVEL = 0;
				GCC_PREPROCESSOR_DEFINITIONS = (
					"DEBUG=1",
					"$(inherited)",
				);
				GCC_WARN_64_TO_32_BIT_CONVERSION = YES;
				GCC_WARN_ABOUT_RETURN_TYPE = YES_ERROR;
				GCC_WARN_UNDECLARED_SELECTOR = YES;
				GCC_WARN_UNINITIALIZED_AUTOS = YES_AGGRESSIVE;
				GCC_WARN_UNUSED_FUNCTION = YES;
				GCC_WARN_UNUSED_VARIABLE = YES;
				IPHONEOS_DEPLOYMENT_TARGET = 14.4;
				MTL_ENABLE_DEBUG_INFO = INCLUDE_SOURCE;
				MTL_FAST_MATH = YES;
				ONLY_ACTIVE_ARCH = YES;
				SDKROOT = iphoneos;
				SWIFT_ACTIVE_COMPILATION_CONDITIONS = DEBUG;
				SWIFT_OPTIMIZATION_LEVEL = "-Onone";
			};
			name = Debug;
		};
		708547C0263A5D330008CB36 /* Release */ = {
			isa = XCBuildConfiguration;
			buildSettings = {
				ALWAYS_SEARCH_USER_PATHS = NO;
				CLANG_ANALYZER_NONNULL = YES;
				CLANG_ANALYZER_NUMBER_OBJECT_CONVERSION = YES_AGGRESSIVE;
				CLANG_CXX_LANGUAGE_STANDARD = "gnu++14";
				CLANG_CXX_LIBRARY = "libc++";
				CLANG_ENABLE_MODULES = YES;
				CLANG_ENABLE_OBJC_ARC = YES;
				CLANG_ENABLE_OBJC_WEAK = YES;
				CLANG_WARN_BLOCK_CAPTURE_AUTORELEASING = YES;
				CLANG_WARN_BOOL_CONVERSION = YES;
				CLANG_WARN_COMMA = YES;
				CLANG_WARN_CONSTANT_CONVERSION = YES;
				CLANG_WARN_DEPRECATED_OBJC_IMPLEMENTATIONS = YES;
				CLANG_WARN_DIRECT_OBJC_ISA_USAGE = YES_ERROR;
				CLANG_WARN_DOCUMENTATION_COMMENTS = YES;
				CLANG_WARN_EMPTY_BODY = YES;
				CLANG_WARN_ENUM_CONVERSION = YES;
				CLANG_WARN_INFINITE_RECURSION = YES;
				CLANG_WARN_INT_CONVERSION = YES;
				CLANG_WARN_NON_LITERAL_NULL_CONVERSION = YES;
				CLANG_WARN_OBJC_IMPLICIT_RETAIN_SELF = YES;
				CLANG_WARN_OBJC_LITERAL_CONVERSION = YES;
				CLANG_WARN_OBJC_ROOT_CLASS = YES_ERROR;
				CLANG_WARN_QUOTED_INCLUDE_IN_FRAMEWORK_HEADER = YES;
				CLANG_WARN_RANGE_LOOP_ANALYSIS = YES;
				CLANG_WARN_STRICT_PROTOTYPES = YES;
				CLANG_WARN_SUSPICIOUS_MOVE = YES;
				CLANG_WARN_UNGUARDED_AVAILABILITY = YES_AGGRESSIVE;
				CLANG_WARN_UNREACHABLE_CODE = YES;
				CLANG_WARN__DUPLICATE_METHOD_MATCH = YES;
				COPY_PHASE_STRIP = NO;
				DEBUG_INFORMATION_FORMAT = "dwarf-with-dsym";
				ENABLE_NS_ASSERTIONS = NO;
				ENABLE_STRICT_OBJC_MSGSEND = YES;
				GCC_C_LANGUAGE_STANDARD = gnu11;
				GCC_NO_COMMON_BLOCKS = YES;
				GCC_WARN_64_TO_32_BIT_CONVERSION = YES;
				GCC_WARN_ABOUT_RETURN_TYPE = YES_ERROR;
				GCC_WARN_UNDECLARED_SELECTOR = YES;
				GCC_WARN_UNINITIALIZED_AUTOS = YES_AGGRESSIVE;
				GCC_WARN_UNUSED_FUNCTION = YES;
				GCC_WARN_UNUSED_VARIABLE = YES;
				IPHONEOS_DEPLOYMENT_TARGET = 14.4;
				MTL_ENABLE_DEBUG_INFO = NO;
				MTL_FAST_MATH = YES;
				SDKROOT = iphoneos;
				SWIFT_COMPILATION_MODE = wholemodule;
				SWIFT_OPTIMIZATION_LEVEL = "-O";
				VALIDATE_PRODUCT = YES;
			};
			name = Release;
		};
		708547C2263A5D330008CB36 /* Debug */ = {
			isa = XCBuildConfiguration;
			buildSettings = {
				ASSETCATALOG_COMPILER_APPICON_NAME = AppIcon;
				ASSETCATALOG_COMPILER_GLOBAL_ACCENT_COLOR_NAME = AccentColor;
				CODE_SIGN_STYLE = Automatic;
				DEVELOPMENT_TEAM = W6NYRRRG5Q;
				INFOPLIST_FILE = relationCoreData/Info.plist;
				LD_RUNPATH_SEARCH_PATHS = (
					"$(inherited)",
					"@executable_path/Frameworks",
				);
				PRODUCT_BUNDLE_IDENTIFIER = com.dhikadityre.relationCoreData;
				PRODUCT_NAME = "$(TARGET_NAME)";
				SWIFT_VERSION = 5.0;
				TARGETED_DEVICE_FAMILY = "1,2";
			};
			name = Debug;
		};
		708547C3263A5D330008CB36 /* Release */ = {
			isa = XCBuildConfiguration;
			buildSettings = {
				ASSETCATALOG_COMPILER_APPICON_NAME = AppIcon;
				ASSETCATALOG_COMPILER_GLOBAL_ACCENT_COLOR_NAME = AccentColor;
				CODE_SIGN_STYLE = Automatic;
				DEVELOPMENT_TEAM = W6NYRRRG5Q;
				INFOPLIST_FILE = relationCoreData/Info.plist;
				LD_RUNPATH_SEARCH_PATHS = (
					"$(inherited)",
					"@executable_path/Frameworks",
				);
				PRODUCT_BUNDLE_IDENTIFIER = com.dhikadityre.relationCoreData;
				PRODUCT_NAME = "$(TARGET_NAME)";
				SWIFT_VERSION = 5.0;
				TARGETED_DEVICE_FAMILY = "1,2";
			};
			name = Release;
		};
/* End XCBuildConfiguration section */

/* Begin XCConfigurationList section */
		708547A5263A5D320008CB36 /* Build configuration list for PBXProject "relationCoreData" */ = {
			isa = XCConfigurationList;
			buildConfigurations = (
				708547BF263A5D330008CB36 /* Debug */,
				708547C0263A5D330008CB36 /* Release */,
			);
			defaultConfigurationIsVisible = 0;
			defaultConfigurationName = Release;
		};
		708547C1263A5D330008CB36 /* Build configuration list for PBXNativeTarget "relationCoreData" */ = {
			isa = XCConfigurationList;
			buildConfigurations = (
				708547C2263A5D330008CB36 /* Debug */,
				708547C3263A5D330008CB36 /* Release */,
			);
			defaultConfigurationIsVisible = 0;
			defaultConfigurationName = Release;
		};
/* End XCConfigurationList section */

/* Begin XCVersionGroup section */
		708547B6263A5D320008CB36 /* relationCoreData.xcdatamodeld */ = {
			isa = XCVersionGroup;
			children = (
				708547B7263A5D320008CB36 /* relationCoreData.xcdatamodel */,
			);
			currentVersion = 708547B7263A5D320008CB36 /* relationCoreData.xcdatamodel */;
			path = relationCoreData.xcdatamodeld;
			sourceTree = "<group>";
			versionGroupType = wrapper.xcdatamodel;
		};
/* End XCVersionGroup section */
	};
	rootObject = 708547A2263A5D320008CB36 /* Project object */;
}
